// !$*UTF8*$!
{
	archiveVersion = 1;
	classes = {
	};
	objectVersion = 56;
	objects = {

/* Begin PBXBuildFile section */
		E31E37FC2A4DA58C007DA637 /* ProfileViewViewModel.swift in Sources */ = {isa = PBXBuildFile; fileRef = E31E37FB2A4DA58C007DA637 /* ProfileViewViewModel.swift */; };
		E31E37FF2A4DA9C1007DA637 /* SDWebImage in Frameworks */ = {isa = PBXBuildFile; productRef = E31E37FE2A4DA9C1007DA637 /* SDWebImage */; };
		E31E38022A4DAD11007DA637 /* Extension+UIColor.swift in Sources */ = {isa = PBXBuildFile; fileRef = E31E38012A4DAD11007DA637 /* Extension+UIColor.swift */; };
		E31E38052A4DB683007DA637 /* TweetComposeViewController.swift in Sources */ = {isa = PBXBuildFile; fileRef = E31E38042A4DB683007DA637 /* TweetComposeViewController.swift */; };
		E31E38072A4DBAE2007DA637 /* Tweet.swift in Sources */ = {isa = PBXBuildFile; fileRef = E31E38062A4DBAE2007DA637 /* Tweet.swift */; };
		E31E38092A4DBB8D007DA637 /* TweetComposeViewViewModel.swift in Sources */ = {isa = PBXBuildFile; fileRef = E31E38082A4DBB8D007DA637 /* TweetComposeViewViewModel.swift */; };
		E3718BF92A44556100890760 /* AppDelegate.swift in Sources */ = {isa = PBXBuildFile; fileRef = E3718BF82A44556100890760 /* AppDelegate.swift */; };
		E3718BFB2A44556100890760 /* SceneDelegate.swift in Sources */ = {isa = PBXBuildFile; fileRef = E3718BFA2A44556100890760 /* SceneDelegate.swift */; };
		E3718BFD2A44556100890760 /* MainTabBarViewController.swift in Sources */ = {isa = PBXBuildFile; fileRef = E3718BFC2A44556100890760 /* MainTabBarViewController.swift */; };
		E3718C032A44556100890760 /* Twitter.xcdatamodeld in Sources */ = {isa = PBXBuildFile; fileRef = E3718C012A44556100890760 /* Twitter.xcdatamodeld */; };
		E3718C052A44556200890760 /* Assets.xcassets in Resources */ = {isa = PBXBuildFile; fileRef = E3718C042A44556200890760 /* Assets.xcassets */; };
		E3718C082A44556200890760 /* LaunchScreen.storyboard in Resources */ = {isa = PBXBuildFile; fileRef = E3718C062A44556200890760 /* LaunchScreen.storyboard */; };
		E3718C132A4456C600890760 /* HomeViewController.swift in Sources */ = {isa = PBXBuildFile; fileRef = E3718C122A4456C600890760 /* HomeViewController.swift */; };
		E3718C152A4456D700890760 /* SearchViewController.swift in Sources */ = {isa = PBXBuildFile; fileRef = E3718C142A4456D700890760 /* SearchViewController.swift */; };
		E3718C172A4456E400890760 /* NotificationsViewController.swift in Sources */ = {isa = PBXBuildFile; fileRef = E3718C162A4456E400890760 /* NotificationsViewController.swift */; };
		E3718C192A4456F000890760 /* DirectMessagesViewController.swift in Sources */ = {isa = PBXBuildFile; fileRef = E3718C182A4456F000890760 /* DirectMessagesViewController.swift */; };
		E3718C1C2A4461D300890760 /* TweetTableViewCell.swift in Sources */ = {isa = PBXBuildFile; fileRef = E3718C1B2A4461D300890760 /* TweetTableViewCell.swift */; };
		E3718C1F2A447FC700890760 /* ProfileViewController.swift in Sources */ = {isa = PBXBuildFile; fileRef = E3718C1E2A447FC700890760 /* ProfileViewController.swift */; };
		E3718C212A44A7D400890760 /* ProfileTableViewHeader.swift in Sources */ = {isa = PBXBuildFile; fileRef = E3718C202A44A7D400890760 /* ProfileTableViewHeader.swift */; };
		E3718C232A45129A00890760 /* GoogleService-Info.plist in Resources */ = {isa = PBXBuildFile; fileRef = E3718C222A45129A00890760 /* GoogleService-Info.plist */; };
		E3718C262A45135F00890760 /* FirebaseAuth in Frameworks */ = {isa = PBXBuildFile; productRef = E3718C252A45135F00890760 /* FirebaseAuth */; };
		E3718C282A45135F00890760 /* FirebaseAuthCombine-Community in Frameworks */ = {isa = PBXBuildFile; productRef = E3718C272A45135F00890760 /* FirebaseAuthCombine-Community */; };
		E3718C2A2A45135F00890760 /* FirebaseDatabase in Frameworks */ = {isa = PBXBuildFile; productRef = E3718C292A45135F00890760 /* FirebaseDatabase */; };
		E3718C2C2A45135F00890760 /* FirebaseDatabaseSwift in Frameworks */ = {isa = PBXBuildFile; productRef = E3718C2B2A45135F00890760 /* FirebaseDatabaseSwift */; };
		E3718C2E2A45135F00890760 /* FirebaseFirestore in Frameworks */ = {isa = PBXBuildFile; productRef = E3718C2D2A45135F00890760 /* FirebaseFirestore */; };
		E3718C302A45135F00890760 /* FirebaseFirestoreCombine-Community in Frameworks */ = {isa = PBXBuildFile; productRef = E3718C2F2A45135F00890760 /* FirebaseFirestoreCombine-Community */; };
		E3718C322A45135F00890760 /* FirebaseFirestoreSwift in Frameworks */ = {isa = PBXBuildFile; productRef = E3718C312A45135F00890760 /* FirebaseFirestoreSwift */; };
		E3718C342A45135F00890760 /* FirebaseStorage in Frameworks */ = {isa = PBXBuildFile; productRef = E3718C332A45135F00890760 /* FirebaseStorage */; };
		E3718C362A45135F00890760 /* FirebaseStorageCombine-Community in Frameworks */ = {isa = PBXBuildFile; productRef = E3718C352A45135F00890760 /* FirebaseStorageCombine-Community */; };
		E3718C392A45143700890760 /* OnboardingViewController.swift in Sources */ = {isa = PBXBuildFile; fileRef = E3718C382A45143700890760 /* OnboardingViewController.swift */; };
		E3718C3B2A451A7A00890760 /* RegisterViewController.swift in Sources */ = {isa = PBXBuildFile; fileRef = E3718C3A2A451A7A00890760 /* RegisterViewController.swift */; };
		E3718C3E2A45C84E00890760 /* AuthenticationViewViewModel.swift in Sources */ = {isa = PBXBuildFile; fileRef = E3718C3D2A45C84E00890760 /* AuthenticationViewViewModel.swift */; };
		E3718C412A45CCAF00890760 /* AuthManager.swift in Sources */ = {isa = PBXBuildFile; fileRef = E3718C402A45CCAE00890760 /* AuthManager.swift */; };
		E3718C432A48485200890760 /* LoginViewController.swift in Sources */ = {isa = PBXBuildFile; fileRef = E3718C422A48485200890760 /* LoginViewController.swift */; };
		E3718C462A48591400890760 /* TwitterUser.swift in Sources */ = {isa = PBXBuildFile; fileRef = E3718C452A48591400890760 /* TwitterUser.swift */; };
		E3718C482A48599700890760 /* DatabaseManager.swift in Sources */ = {isa = PBXBuildFile; fileRef = E3718C472A48599700890760 /* DatabaseManager.swift */; };
		E3718C4A2A485FAD00890760 /* HomeViewViewModel.swift in Sources */ = {isa = PBXBuildFile; fileRef = E3718C492A485FAD00890760 /* HomeViewViewModel.swift */; };
		E3718C4C2A4864D800890760 /* ProfileDataFormViewController.swift in Sources */ = {isa = PBXBuildFile; fileRef = E3718C4B2A4864D800890760 /* ProfileDataFormViewController.swift */; };
		E3718C4E2A4865C500890760 /* ProfileDataFormViewViewModel.swift in Sources */ = {isa = PBXBuildFile; fileRef = E3718C4D2A4865C500890760 /* ProfileDataFormViewViewModel.swift */; };
		E3718C502A48CA8800890760 /* StorageManager.swift in Sources */ = {isa = PBXBuildFile; fileRef = E3718C4F2A48CA8800890760 /* StorageManager.swift */; };
/* End PBXBuildFile section */

/* Begin PBXFileReference section */
		E31E37FB2A4DA58C007DA637 /* ProfileViewViewModel.swift */ = {isa = PBXFileReference; lastKnownFileType = sourcecode.swift; path = ProfileViewViewModel.swift; sourceTree = "<group>"; };
		E31E38012A4DAD11007DA637 /* Extension+UIColor.swift */ = {isa = PBXFileReference; lastKnownFileType = sourcecode.swift; path = "Extension+UIColor.swift"; sourceTree = "<group>"; };
		E31E38042A4DB683007DA637 /* TweetComposeViewController.swift */ = {isa = PBXFileReference; lastKnownFileType = sourcecode.swift; path = TweetComposeViewController.swift; sourceTree = "<group>"; };
		E31E38062A4DBAE2007DA637 /* Tweet.swift */ = {isa = PBXFileReference; lastKnownFileType = sourcecode.swift; path = Tweet.swift; sourceTree = "<group>"; };
		E31E38082A4DBB8D007DA637 /* TweetComposeViewViewModel.swift */ = {isa = PBXFileReference; lastKnownFileType = sourcecode.swift; path = TweetComposeViewViewModel.swift; sourceTree = "<group>"; };
		E3718BF52A44556100890760 /* Twitter.app */ = {isa = PBXFileReference; explicitFileType = wrapper.application; includeInIndex = 0; path = Twitter.app; sourceTree = BUILT_PRODUCTS_DIR; };
		E3718BF82A44556100890760 /* AppDelegate.swift */ = {isa = PBXFileReference; lastKnownFileType = sourcecode.swift; path = AppDelegate.swift; sourceTree = "<group>"; };
		E3718BFA2A44556100890760 /* SceneDelegate.swift */ = {isa = PBXFileReference; lastKnownFileType = sourcecode.swift; path = SceneDelegate.swift; sourceTree = "<group>"; };
		E3718BFC2A44556100890760 /* MainTabBarViewController.swift */ = {isa = PBXFileReference; lastKnownFileType = sourcecode.swift; path = MainTabBarViewController.swift; sourceTree = "<group>"; };
		E3718C022A44556100890760 /* Twitter.xcdatamodel */ = {isa = PBXFileReference; lastKnownFileType = wrapper.xcdatamodel; path = Twitter.xcdatamodel; sourceTree = "<group>"; };
		E3718C042A44556200890760 /* Assets.xcassets */ = {isa = PBXFileReference; lastKnownFileType = folder.assetcatalog; path = Assets.xcassets; sourceTree = "<group>"; };
		E3718C072A44556200890760 /* Base */ = {isa = PBXFileReference; lastKnownFileType = file.storyboard; name = Base; path = Base.lproj/LaunchScreen.storyboard; sourceTree = "<group>"; };
		E3718C092A44556200890760 /* Info.plist */ = {isa = PBXFileReference; lastKnownFileType = text.plist.xml; path = Info.plist; sourceTree = "<group>"; };
		E3718C122A4456C600890760 /* HomeViewController.swift */ = {isa = PBXFileReference; lastKnownFileType = sourcecode.swift; path = HomeViewController.swift; sourceTree = "<group>"; };
		E3718C142A4456D700890760 /* SearchViewController.swift */ = {isa = PBXFileReference; lastKnownFileType = sourcecode.swift; path = SearchViewController.swift; sourceTree = "<group>"; };
		E3718C162A4456E400890760 /* NotificationsViewController.swift */ = {isa = PBXFileReference; lastKnownFileType = sourcecode.swift; path = NotificationsViewController.swift; sourceTree = "<group>"; };
		E3718C182A4456F000890760 /* DirectMessagesViewController.swift */ = {isa = PBXFileReference; lastKnownFileType = sourcecode.swift; path = DirectMessagesViewController.swift; sourceTree = "<group>"; };
		E3718C1B2A4461D300890760 /* TweetTableViewCell.swift */ = {isa = PBXFileReference; lastKnownFileType = sourcecode.swift; path = TweetTableViewCell.swift; sourceTree = "<group>"; };
		E3718C1E2A447FC700890760 /* ProfileViewController.swift */ = {isa = PBXFileReference; lastKnownFileType = sourcecode.swift; path = ProfileViewController.swift; sourceTree = "<group>"; };
		E3718C202A44A7D400890760 /* ProfileTableViewHeader.swift */ = {isa = PBXFileReference; lastKnownFileType = sourcecode.swift; path = ProfileTableViewHeader.swift; sourceTree = "<group>"; };
		E3718C222A45129A00890760 /* GoogleService-Info.plist */ = {isa = PBXFileReference; fileEncoding = 4; lastKnownFileType = text.plist.xml; path = "GoogleService-Info.plist"; sourceTree = "<group>"; };
		E3718C382A45143700890760 /* OnboardingViewController.swift */ = {isa = PBXFileReference; lastKnownFileType = sourcecode.swift; path = OnboardingViewController.swift; sourceTree = "<group>"; };
		E3718C3A2A451A7A00890760 /* RegisterViewController.swift */ = {isa = PBXFileReference; lastKnownFileType = sourcecode.swift; path = RegisterViewController.swift; sourceTree = "<group>"; };
		E3718C3D2A45C84E00890760 /* AuthenticationViewViewModel.swift */ = {isa = PBXFileReference; lastKnownFileType = sourcecode.swift; path = AuthenticationViewViewModel.swift; sourceTree = "<group>"; };
		E3718C402A45CCAE00890760 /* AuthManager.swift */ = {isa = PBXFileReference; lastKnownFileType = sourcecode.swift; path = AuthManager.swift; sourceTree = "<group>"; };
		E3718C422A48485200890760 /* LoginViewController.swift */ = {isa = PBXFileReference; lastKnownFileType = sourcecode.swift; path = LoginViewController.swift; sourceTree = "<group>"; };
		E3718C452A48591400890760 /* TwitterUser.swift */ = {isa = PBXFileReference; lastKnownFileType = sourcecode.swift; path = TwitterUser.swift; sourceTree = "<group>"; };
		E3718C472A48599700890760 /* DatabaseManager.swift */ = {isa = PBXFileReference; lastKnownFileType = sourcecode.swift; path = DatabaseManager.swift; sourceTree = "<group>"; };
		E3718C492A485FAD00890760 /* HomeViewViewModel.swift */ = {isa = PBXFileReference; lastKnownFileType = sourcecode.swift; path = HomeViewViewModel.swift; sourceTree = "<group>"; };
		E3718C4B2A4864D800890760 /* ProfileDataFormViewController.swift */ = {isa = PBXFileReference; lastKnownFileType = sourcecode.swift; path = ProfileDataFormViewController.swift; sourceTree = "<group>"; };
		E3718C4D2A4865C500890760 /* ProfileDataFormViewViewModel.swift */ = {isa = PBXFileReference; lastKnownFileType = sourcecode.swift; path = ProfileDataFormViewViewModel.swift; sourceTree = "<group>"; };
		E3718C4F2A48CA8800890760 /* StorageManager.swift */ = {isa = PBXFileReference; lastKnownFileType = sourcecode.swift; path = StorageManager.swift; sourceTree = "<group>"; };
/* End PBXFileReference section */

/* Begin PBXFrameworksBuildPhase section */
		E3718BF22A44556100890760 /* Frameworks */ = {
			isa = PBXFrameworksBuildPhase;
			buildActionMask = 2147483647;
			files = (
				E3718C2C2A45135F00890760 /* FirebaseDatabaseSwift in Frameworks */,
				E3718C2A2A45135F00890760 /* FirebaseDatabase in Frameworks */,
				E3718C262A45135F00890760 /* FirebaseAuth in Frameworks */,
				E3718C322A45135F00890760 /* FirebaseFirestoreSwift in Frameworks */,
				E31E37FF2A4DA9C1007DA637 /* SDWebImage in Frameworks */,
				E3718C302A45135F00890760 /* FirebaseFirestoreCombine-Community in Frameworks */,
				E3718C342A45135F00890760 /* FirebaseStorage in Frameworks */,
				E3718C2E2A45135F00890760 /* FirebaseFirestore in Frameworks */,
				E3718C362A45135F00890760 /* FirebaseStorageCombine-Community in Frameworks */,
				E3718C282A45135F00890760 /* FirebaseAuthCombine-Community in Frameworks */,
			);
			runOnlyForDeploymentPostprocessing = 0;
		};
/* End PBXFrameworksBuildPhase section */

/* Begin PBXGroup section */
		E31E38002A4DACF1007DA637 /* Resources */ = {
			isa = PBXGroup;
			children = (
				E31E38032A4DAD16007DA637 /* Extension */,
			);
			path = Resources;
			sourceTree = "<group>";
		};
		E31E38032A4DAD16007DA637 /* Extension */ = {
			isa = PBXGroup;
			children = (
				E31E38012A4DAD11007DA637 /* Extension+UIColor.swift */,
			);
			path = Extension;
			sourceTree = "<group>";
		};
		E3718BEC2A44556100890760 = {
			isa = PBXGroup;
			children = (
				E3718BF72A44556100890760 /* Twitter */,
				E3718BF62A44556100890760 /* Products */,
			);
			sourceTree = "<group>";
		};
		E3718BF62A44556100890760 /* Products */ = {
			isa = PBXGroup;
			children = (
				E3718BF52A44556100890760 /* Twitter.app */,
			);
			name = Products;
			sourceTree = "<group>";
		};
		E3718BF72A44556100890760 /* Twitter */ = {
			isa = PBXGroup;
			children = (
				E31E38002A4DACF1007DA637 /* Resources */,
				E3718C442A4858ED00890760 /* Models */,
				E3718C3F2A45CC9700890760 /* Networking */,
				E3718C3C2A45C83300890760 /* ViewModels */,
				E3718C1A2A4461A500890760 /* Views */,
				E3718C102A44567E00890760 /* Controllers */,
				E3718BF82A44556100890760 /* AppDelegate.swift */,
				E3718BFA2A44556100890760 /* SceneDelegate.swift */,
				E3718C042A44556200890760 /* Assets.xcassets */,
				E3718C062A44556200890760 /* LaunchScreen.storyboard */,
				E3718C092A44556200890760 /* Info.plist */,
				E3718C222A45129A00890760 /* GoogleService-Info.plist */,
				E3718C012A44556100890760 /* Twitter.xcdatamodeld */,
			);
			path = Twitter;
			sourceTree = "<group>";
		};
		E3718C102A44567E00890760 /* Controllers */ = {
			isa = PBXGroup;
			children = (
				E3718C372A45141100890760 /* Onboarding */,
				E3718C1D2A447FAC00890760 /* General */,
				E3718C112A44568D00890760 /* Core */,
			);
			path = Controllers;
			sourceTree = "<group>";
		};
		E3718C112A44568D00890760 /* Core */ = {
			isa = PBXGroup;
			children = (
				E3718BFC2A44556100890760 /* MainTabBarViewController.swift */,
				E3718C122A4456C600890760 /* HomeViewController.swift */,
				E3718C142A4456D700890760 /* SearchViewController.swift */,
				E3718C162A4456E400890760 /* NotificationsViewController.swift */,
				E3718C182A4456F000890760 /* DirectMessagesViewController.swift */,
			);
			path = Core;
			sourceTree = "<group>";
		};
		E3718C1A2A4461A500890760 /* Views */ = {
			isa = PBXGroup;
			children = (
				E3718C1B2A4461D300890760 /* TweetTableViewCell.swift */,
				E3718C202A44A7D400890760 /* ProfileTableViewHeader.swift */,
			);
			path = Views;
			sourceTree = "<group>";
		};
		E3718C1D2A447FAC00890760 /* General */ = {
			isa = PBXGroup;
			children = (
				E3718C1E2A447FC700890760 /* ProfileViewController.swift */,
				E3718C4B2A4864D800890760 /* ProfileDataFormViewController.swift */,
				E31E38042A4DB683007DA637 /* TweetComposeViewController.swift */,
			);
			path = General;
			sourceTree = "<group>";
		};
		E3718C372A45141100890760 /* Onboarding */ = {
			isa = PBXGroup;
			children = (
				E3718C382A45143700890760 /* OnboardingViewController.swift */,
				E3718C3A2A451A7A00890760 /* RegisterViewController.swift */,
				E3718C422A48485200890760 /* LoginViewController.swift */,
			);
			path = Onboarding;
			sourceTree = "<group>";
		};
		E3718C3C2A45C83300890760 /* ViewModels */ = {
			isa = PBXGroup;
			children = (
				E3718C3D2A45C84E00890760 /* AuthenticationViewViewModel.swift */,
				E3718C492A485FAD00890760 /* HomeViewViewModel.swift */,
				E3718C4D2A4865C500890760 /* ProfileDataFormViewViewModel.swift */,
				E31E37FB2A4DA58C007DA637 /* ProfileViewViewModel.swift */,
				E31E38082A4DBB8D007DA637 /* TweetComposeViewViewModel.swift */,
			);
			path = ViewModels;
			sourceTree = "<group>";
		};
		E3718C3F2A45CC9700890760 /* Networking */ = {
			isa = PBXGroup;
			children = (
				E3718C402A45CCAE00890760 /* AuthManager.swift */,
				E3718C472A48599700890760 /* DatabaseManager.swift */,
				E3718C4F2A48CA8800890760 /* StorageManager.swift */,
			);
			path = Networking;
			sourceTree = "<group>";
		};
		E3718C442A4858ED00890760 /* Models */ = {
			isa = PBXGroup;
			children = (
				E3718C452A48591400890760 /* TwitterUser.swift */,
				E31E38062A4DBAE2007DA637 /* Tweet.swift */,
			);
			path = Models;
			sourceTree = "<group>";
		};
/* End PBXGroup section */

/* Begin PBXNativeTarget section */
		E3718BF42A44556100890760 /* Twitter */ = {
			isa = PBXNativeTarget;
			buildConfigurationList = E3718C0C2A44556200890760 /* Build configuration list for PBXNativeTarget "Twitter" */;
			buildPhases = (
				E3718BF12A44556100890760 /* Sources */,
				E3718BF22A44556100890760 /* Frameworks */,
				E3718BF32A44556100890760 /* Resources */,
			);
			buildRules = (
			);
			dependencies = (
			);
			name = Twitter;
			packageProductDependencies = (
				E3718C252A45135F00890760 /* FirebaseAuth */,
				E3718C272A45135F00890760 /* FirebaseAuthCombine-Community */,
				E3718C292A45135F00890760 /* FirebaseDatabase */,
				E3718C2B2A45135F00890760 /* FirebaseDatabaseSwift */,
				E3718C2D2A45135F00890760 /* FirebaseFirestore */,
				E3718C2F2A45135F00890760 /* FirebaseFirestoreCombine-Community */,
				E3718C312A45135F00890760 /* FirebaseFirestoreSwift */,
				E3718C332A45135F00890760 /* FirebaseStorage */,
				E3718C352A45135F00890760 /* FirebaseStorageCombine-Community */,
				E31E37FE2A4DA9C1007DA637 /* SDWebImage */,
			);
			productName = Twitter;
			productReference = E3718BF52A44556100890760 /* Twitter.app */;
			productType = "com.apple.product-type.application";
		};
/* End PBXNativeTarget section */

/* Begin PBXProject section */
		E3718BED2A44556100890760 /* Project object */ = {
			isa = PBXProject;
			attributes = {
				BuildIndependentTargetsInParallel = 1;
				LastSwiftUpdateCheck = 1430;
				LastUpgradeCheck = 1430;
				TargetAttributes = {
					E3718BF42A44556100890760 = {
						CreatedOnToolsVersion = 14.3.1;
					};
				};
			};
			buildConfigurationList = E3718BF02A44556100890760 /* Build configuration list for PBXProject "Twitter" */;
			compatibilityVersion = "Xcode 14.0";
			developmentRegion = en;
			hasScannedForEncodings = 0;
			knownRegions = (
				en,
				Base,
			);
			mainGroup = E3718BEC2A44556100890760;
			packageReferences = (
				E3718C242A45135F00890760 /* XCRemoteSwiftPackageReference "firebase-ios-sdk" */,
				E31E37FD2A4DA9C1007DA637 /* XCRemoteSwiftPackageReference "SDWebImage" */,
			);
			productRefGroup = E3718BF62A44556100890760 /* Products */;
			projectDirPath = "";
			projectRoot = "";
			targets = (
				E3718BF42A44556100890760 /* Twitter */,
			);
		};
/* End PBXProject section */

/* Begin PBXResourcesBuildPhase section */
		E3718BF32A44556100890760 /* Resources */ = {
			isa = PBXResourcesBuildPhase;
			buildActionMask = 2147483647;
			files = (
				E3718C082A44556200890760 /* LaunchScreen.storyboard in Resources */,
				E3718C052A44556200890760 /* Assets.xcassets in Resources */,
				E3718C232A45129A00890760 /* GoogleService-Info.plist in Resources */,
			);
			runOnlyForDeploymentPostprocessing = 0;
		};
/* End PBXResourcesBuildPhase section */

/* Begin PBXSourcesBuildPhase section */
		E3718BF12A44556100890760 /* Sources */ = {
			isa = PBXSourcesBuildPhase;
			buildActionMask = 2147483647;
			files = (
				E3718C152A4456D700890760 /* SearchViewController.swift in Sources */,
				E31E38052A4DB683007DA637 /* TweetComposeViewController.swift in Sources */,
				E3718C132A4456C600890760 /* HomeViewController.swift in Sources */,
				E3718C1F2A447FC700890760 /* ProfileViewController.swift in Sources */,
				E3718C1C2A4461D300890760 /* TweetTableViewCell.swift in Sources */,
				E31E38072A4DBAE2007DA637 /* Tweet.swift in Sources */,
				E3718C412A45CCAF00890760 /* AuthManager.swift in Sources */,
				E3718BFD2A44556100890760 /* MainTabBarViewController.swift in Sources */,
				E3718C4E2A4865C500890760 /* ProfileDataFormViewViewModel.swift in Sources */,
				E31E38092A4DBB8D007DA637 /* TweetComposeViewViewModel.swift in Sources */,
				E3718C192A4456F000890760 /* DirectMessagesViewController.swift in Sources */,
				E31E37FC2A4DA58C007DA637 /* ProfileViewViewModel.swift in Sources */,
				E3718C3E2A45C84E00890760 /* AuthenticationViewViewModel.swift in Sources */,
				E3718C482A48599700890760 /* DatabaseManager.swift in Sources */,
				E3718BF92A44556100890760 /* AppDelegate.swift in Sources */,
				E3718C462A48591400890760 /* TwitterUser.swift in Sources */,
				E3718C392A45143700890760 /* OnboardingViewController.swift in Sources */,
				E3718C502A48CA8800890760 /* StorageManager.swift in Sources */,
				E3718BFB2A44556100890760 /* SceneDelegate.swift in Sources */,
				E3718C172A4456E400890760 /* NotificationsViewController.swift in Sources */,
				E3718C432A48485200890760 /* LoginViewController.swift in Sources */,
				E3718C3B2A451A7A00890760 /* RegisterViewController.swift in Sources */,
				E3718C4C2A4864D800890760 /* ProfileDataFormViewController.swift in Sources */,
				E3718C032A44556100890760 /* Twitter.xcdatamodeld in Sources */,
				E3718C212A44A7D400890760 /* ProfileTableViewHeader.swift in Sources */,
				E3718C4A2A485FAD00890760 /* HomeViewViewModel.swift in Sources */,
				E31E38022A4DAD11007DA637 /* Extension+UIColor.swift in Sources */,
			);
			runOnlyForDeploymentPostprocessing = 0;
		};
/* End PBXSourcesBuildPhase section */

/* Begin PBXVariantGroup section */
		E3718C062A44556200890760 /* LaunchScreen.storyboard */ = {
			isa = PBXVariantGroup;
			children = (
				E3718C072A44556200890760 /* Base */,
			);
			name = LaunchScreen.storyboard;
			sourceTree = "<group>";
		};
/* End PBXVariantGroup section */

/* Begin XCBuildConfiguration section */
		E3718C0A2A44556200890760 /* Debug */ = {
			isa = XCBuildConfiguration;
			buildSettings = {
				ALWAYS_SEARCH_USER_PATHS = NO;
				CLANG_ANALYZER_NONNULL = YES;
				CLANG_ANALYZER_NUMBER_OBJECT_CONVERSION = YES_AGGRESSIVE;
				CLANG_CXX_LANGUAGE_STANDARD = "gnu++20";
				CLANG_ENABLE_MODULES = YES;
				CLANG_ENABLE_OBJC_ARC = YES;
				CLANG_ENABLE_OBJC_WEAK = YES;
				CLANG_WARN_BLOCK_CAPTURE_AUTORELEASING = YES;
				CLANG_WARN_BOOL_CONVERSION = YES;
				CLANG_WARN_COMMA = YES;
				CLANG_WARN_CONSTANT_CONVERSION = YES;
				CLANG_WARN_DEPRECATED_OBJC_IMPLEMENTATIONS = YES;
				CLANG_WARN_DIRECT_OBJC_ISA_USAGE = YES_ERROR;
				CLANG_WARN_DOCUMENTATION_COMMENTS = YES;
				CLANG_WARN_EMPTY_BODY = YES;
				CLANG_WARN_ENUM_CONVERSION = YES;
				CLANG_WARN_INFINITE_RECURSION = YES;
				CLANG_WARN_INT_CONVERSION = YES;
				CLANG_WARN_NON_LITERAL_NULL_CONVERSION = YES;
				CLANG_WARN_OBJC_IMPLICIT_RETAIN_SELF = YES;
				CLANG_WARN_OBJC_LITERAL_CONVERSION = YES;
				CLANG_WARN_OBJC_ROOT_CLASS = YES_ERROR;
				CLANG_WARN_QUOTED_INCLUDE_IN_FRAMEWORK_HEADER = YES;
				CLANG_WARN_RANGE_LOOP_ANALYSIS = YES;
				CLANG_WARN_STRICT_PROTOTYPES = YES;
				CLANG_WARN_SUSPICIOUS_MOVE = YES;
				CLANG_WARN_UNGUARDED_AVAILABILITY = YES_AGGRESSIVE;
				CLANG_WARN_UNREACHABLE_CODE = YES;
				CLANG_WARN__DUPLICATE_METHOD_MATCH = YES;
				COPY_PHASE_STRIP = NO;
				DEBUG_INFORMATION_FORMAT = dwarf;
				ENABLE_STRICT_OBJC_MSGSEND = YES;
				ENABLE_TESTABILITY = YES;
				GCC_C_LANGUAGE_STANDARD = gnu11;
				GCC_DYNAMIC_NO_PIC = NO;
				GCC_NO_COMMON_BLOCKS = YES;
				GCC_OPTIMIZATION_LEVEL = 0;
				GCC_PREPROCESSOR_DEFINITIONS = (
					"DEBUG=1",
					"$(inherited)",
				);
				GCC_WARN_64_TO_32_BIT_CONVERSION = YES;
				GCC_WARN_ABOUT_RETURN_TYPE = YES_ERROR;
				GCC_WARN_UNDECLARED_SELECTOR = YES;
				GCC_WARN_UNINITIALIZED_AUTOS = YES_AGGRESSIVE;
				GCC_WARN_UNUSED_FUNCTION = YES;
				GCC_WARN_UNUSED_VARIABLE = YES;
				IPHONEOS_DEPLOYMENT_TARGET = 16.4;
				MTL_ENABLE_DEBUG_INFO = INCLUDE_SOURCE;
				MTL_FAST_MATH = YES;
				ONLY_ACTIVE_ARCH = YES;
				SDKROOT = iphoneos;
				SWIFT_ACTIVE_COMPILATION_CONDITIONS = DEBUG;
				SWIFT_OPTIMIZATION_LEVEL = "-Onone";
			};
			name = Debug;
		};
		E3718C0B2A44556200890760 /* Release */ = {
			isa = XCBuildConfiguration;
			buildSettings = {
				ALWAYS_SEARCH_USER_PATHS = NO;
				CLANG_ANALYZER_NONNULL = YES;
				CLANG_ANALYZER_NUMBER_OBJECT_CONVERSION = YES_AGGRESSIVE;
				CLANG_CXX_LANGUAGE_STANDARD = "gnu++20";
				CLANG_ENABLE_MODULES = YES;
				CLANG_ENABLE_OBJC_ARC = YES;
				CLANG_ENABLE_OBJC_WEAK = YES;
				CLANG_WARN_BLOCK_CAPTURE_AUTORELEASING = YES;
				CLANG_WARN_BOOL_CONVERSION = YES;
				CLANG_WARN_COMMA = YES;
				CLANG_WARN_CONSTANT_CONVERSION = YES;
				CLANG_WARN_DEPRECATED_OBJC_IMPLEMENTATIONS = YES;
				CLANG_WARN_DIRECT_OBJC_ISA_USAGE = YES_ERROR;
				CLANG_WARN_DOCUMENTATION_COMMENTS = YES;
				CLANG_WARN_EMPTY_BODY = YES;
				CLANG_WARN_ENUM_CONVERSION = YES;
				CLANG_WARN_INFINITE_RECURSION = YES;
				CLANG_WARN_INT_CONVERSION = YES;
				CLANG_WARN_NON_LITERAL_NULL_CONVERSION = YES;
				CLANG_WARN_OBJC_IMPLICIT_RETAIN_SELF = YES;
				CLANG_WARN_OBJC_LITERAL_CONVERSION = YES;
				CLANG_WARN_OBJC_ROOT_CLASS = YES_ERROR;
				CLANG_WARN_QUOTED_INCLUDE_IN_FRAMEWORK_HEADER = YES;
				CLANG_WARN_RANGE_LOOP_ANALYSIS = YES;
				CLANG_WARN_STRICT_PROTOTYPES = YES;
				CLANG_WARN_SUSPICIOUS_MOVE = YES;
				CLANG_WARN_UNGUARDED_AVAILABILITY = YES_AGGRESSIVE;
				CLANG_WARN_UNREACHABLE_CODE = YES;
				CLANG_WARN__DUPLICATE_METHOD_MATCH = YES;
				COPY_PHASE_STRIP = NO;
				DEBUG_INFORMATION_FORMAT = "dwarf-with-dsym";
				ENABLE_NS_ASSERTIONS = NO;
				ENABLE_STRICT_OBJC_MSGSEND = YES;
				GCC_C_LANGUAGE_STANDARD = gnu11;
				GCC_NO_COMMON_BLOCKS = YES;
				GCC_WARN_64_TO_32_BIT_CONVERSION = YES;
				GCC_WARN_ABOUT_RETURN_TYPE = YES_ERROR;
				GCC_WARN_UNDECLARED_SELECTOR = YES;
				GCC_WARN_UNINITIALIZED_AUTOS = YES_AGGRESSIVE;
				GCC_WARN_UNUSED_FUNCTION = YES;
				GCC_WARN_UNUSED_VARIABLE = YES;
				IPHONEOS_DEPLOYMENT_TARGET = 16.4;
				MTL_ENABLE_DEBUG_INFO = NO;
				MTL_FAST_MATH = YES;
				SDKROOT = iphoneos;
				SWIFT_COMPILATION_MODE = wholemodule;
				SWIFT_OPTIMIZATION_LEVEL = "-O";
				VALIDATE_PRODUCT = YES;
			};
			name = Release;
		};
		E3718C0D2A44556200890760 /* Debug */ = {
			isa = XCBuildConfiguration;
			buildSettings = {
				ASSETCATALOG_COMPILER_APPICON_NAME = AppIcon;
				ASSETCATALOG_COMPILER_GLOBAL_ACCENT_COLOR_NAME = AccentColor;
				CODE_SIGN_STYLE = Automatic;
				CURRENT_PROJECT_VERSION = 1;
				DEVELOPMENT_TEAM = A2L774K3W9;
				GENERATE_INFOPLIST_FILE = YES;
				INFOPLIST_FILE = Twitter/Info.plist;
				INFOPLIST_KEY_UIApplicationSupportsIndirectInputEvents = YES;
				INFOPLIST_KEY_UILaunchStoryboardName = LaunchScreen;
				INFOPLIST_KEY_UISupportedInterfaceOrientations_iPad = "UIInterfaceOrientationPortrait UIInterfaceOrientationPortraitUpsideDown UIInterfaceOrientationLandscapeLeft UIInterfaceOrientationLandscapeRight";
				INFOPLIST_KEY_UISupportedInterfaceOrientations_iPhone = "UIInterfaceOrientationPortrait UIInterfaceOrientationLandscapeLeft UIInterfaceOrientationLandscapeRight";
				LD_RUNPATH_SEARCH_PATHS = (
					"$(inherited)",
					"@executable_path/Frameworks",
				);
				MARKETING_VERSION = 1.0;
				PRODUCT_BUNDLE_IDENTIFIER = com.akadircicek.Twitter;
				PRODUCT_NAME = "$(TARGET_NAME)";
				SWIFT_EMIT_LOC_STRINGS = YES;
				SWIFT_VERSION = 5.0;
				TARGETED_DEVICE_FAMILY = "1,2";
			};
			name = Debug;
		};
		E3718C0E2A44556200890760 /* Release */ = {
			isa = XCBuildConfiguration;
			buildSettings = {
				ASSETCATALOG_COMPILER_APPICON_NAME = AppIcon;
				ASSETCATALOG_COMPILER_GLOBAL_ACCENT_COLOR_NAME = AccentColor;
				CODE_SIGN_STYLE = Automatic;
				CURRENT_PROJECT_VERSION = 1;
				DEVELOPMENT_TEAM = A2L774K3W9;
				GENERATE_INFOPLIST_FILE = YES;
				INFOPLIST_FILE = Twitter/Info.plist;
				INFOPLIST_KEY_UIApplicationSupportsIndirectInputEvents = YES;
				INFOPLIST_KEY_UILaunchStoryboardName = LaunchScreen;
				INFOPLIST_KEY_UISupportedInterfaceOrientations_iPad = "UIInterfaceOrientationPortrait UIInterfaceOrientationPortraitUpsideDown UIInterfaceOrientationLandscapeLeft UIInterfaceOrientationLandscapeRight";
				INFOPLIST_KEY_UISupportedInterfaceOrientations_iPhone = "UIInterfaceOrientationPortrait UIInterfaceOrientationLandscapeLeft UIInterfaceOrientationLandscapeRight";
				LD_RUNPATH_SEARCH_PATHS = (
					"$(inherited)",
					"@executable_path/Frameworks",
				);
				MARKETING_VERSION = 1.0;
				PRODUCT_BUNDLE_IDENTIFIER = com.akadircicek.Twitter;
				PRODUCT_NAME = "$(TARGET_NAME)";
				SWIFT_EMIT_LOC_STRINGS = YES;
				SWIFT_VERSION = 5.0;
				TARGETED_DEVICE_FAMILY = "1,2";
			};
			name = Release;
		};
/* End XCBuildConfiguration section */

/* Begin XCConfigurationList section */
		E3718BF02A44556100890760 /* Build configuration list for PBXProject "Twitter" */ = {
			isa = XCConfigurationList;
			buildConfigurations = (
				E3718C0A2A44556200890760 /* Debug */,
				E3718C0B2A44556200890760 /* Release */,
			);
			defaultConfigurationIsVisible = 0;
			defaultConfigurationName = Release;
		};
		E3718C0C2A44556200890760 /* Build configuration list for PBXNativeTarget "Twitter" */ = {
			isa = XCConfigurationList;
			buildConfigurations = (
				E3718C0D2A44556200890760 /* Debug */,
				E3718C0E2A44556200890760 /* Release */,
			);
			defaultConfigurationIsVisible = 0;
			defaultConfigurationName = Release;
		};
/* End XCConfigurationList section */

/* Begin XCRemoteSwiftPackageReference section */
		E31E37FD2A4DA9C1007DA637 /* XCRemoteSwiftPackageReference "SDWebImage" */ = {
			isa = XCRemoteSwiftPackageReference;
			repositoryURL = "https://github.com/SDWebImage/SDWebImage.git";
			requirement = {
				kind = upToNextMajorVersion;
				minimumVersion = 5.0.0;
			};
		};
		E3718C242A45135F00890760 /* XCRemoteSwiftPackageReference "firebase-ios-sdk" */ = {
			isa = XCRemoteSwiftPackageReference;
			repositoryURL = "https://github.com/firebase/firebase-ios-sdk";
			requirement = {
				kind = upToNextMajorVersion;
				minimumVersion = 10.0.0;
			};
		};
/* End XCRemoteSwiftPackageReference section */

/* Begin XCSwiftPackageProductDependency section */
		E31E37FE2A4DA9C1007DA637 /* SDWebImage */ = {
			isa = XCSwiftPackageProductDependency;
			package = E31E37FD2A4DA9C1007DA637 /* XCRemoteSwiftPackageReference "SDWebImage" */;
			productName = SDWebImage;
		};
		E3718C252A45135F00890760 /* FirebaseAuth */ = {
			isa = XCSwiftPackageProductDependency;
			package = E3718C242A45135F00890760 /* XCRemoteSwiftPackageReference "firebase-ios-sdk" */;
			productName = FirebaseAuth;
		};
		E3718C272A45135F00890760 /* FirebaseAuthCombine-Community */ = {
			isa = XCSwiftPackageProductDependency;
			package = E3718C242A45135F00890760 /* XCRemoteSwiftPackageReference "firebase-ios-sdk" */;
			productName = "FirebaseAuthCombine-Community";
		};
		E3718C292A45135F00890760 /* FirebaseDatabase */ = {
			isa = XCSwiftPackageProductDependency;
			package = E3718C242A45135F00890760 /* XCRemoteSwiftPackageReference "firebase-ios-sdk" */;
			productName = FirebaseDatabase;
		};
		E3718C2B2A45135F00890760 /* FirebaseDatabaseSwift */ = {
			isa = XCSwiftPackageProductDependency;
			package = E3718C242A45135F00890760 /* XCRemoteSwiftPackageReference "firebase-ios-sdk" */;
			productName = FirebaseDatabaseSwift;
		};
		E3718C2D2A45135F00890760 /* FirebaseFirestore */ = {
			isa = XCSwiftPackageProductDependency;
			package = E3718C242A45135F00890760 /* XCRemoteSwiftPackageReference "firebase-ios-sdk" */;
			productName = FirebaseFirestore;
		};
		E3718C2F2A45135F00890760 /* FirebaseFirestoreCombine-Community */ = {
			isa = XCSwiftPackageProductDependency;
			package = E3718C242A45135F00890760 /* XCRemoteSwiftPackageReference "firebase-ios-sdk" */;
			productName = "FirebaseFirestoreCombine-Community";
		};
		E3718C312A45135F00890760 /* FirebaseFirestoreSwift */ = {
			isa = XCSwiftPackageProductDependency;
			package = E3718C242A45135F00890760 /* XCRemoteSwiftPackageReference "firebase-ios-sdk" */;
			productName = FirebaseFirestoreSwift;
		};
		E3718C332A45135F00890760 /* FirebaseStorage */ = {
			isa = XCSwiftPackageProductDependency;
			package = E3718C242A45135F00890760 /* XCRemoteSwiftPackageReference "firebase-ios-sdk" */;
			productName = FirebaseStorage;
		};
		E3718C352A45135F00890760 /* FirebaseStorageCombine-Community */ = {
			isa = XCSwiftPackageProductDependency;
			package = E3718C242A45135F00890760 /* XCRemoteSwiftPackageReference "firebase-ios-sdk" */;
			productName = "FirebaseStorageCombine-Community";
		};
/* End XCSwiftPackageProductDependency section */

/* Begin XCVersionGroup section */
		E3718C012A44556100890760 /* Twitter.xcdatamodeld */ = {
			isa = XCVersionGroup;
			children = (
				E3718C022A44556100890760 /* Twitter.xcdatamodel */,
			);
			currentVersion = E3718C022A44556100890760 /* Twitter.xcdatamodel */;
			path = Twitter.xcdatamodeld;
			sourceTree = "<group>";
			versionGroupType = wrapper.xcdatamodel;
		};
/* End XCVersionGroup section */
	};
	rootObject = E3718BED2A44556100890760 /* Project object */;
}
